github.com/BurntSushi/toml v0.3.1 h1:WXkYYl6Yr3qBf1K79EBnL4mak0OimBfB0XUf9Vl28OQ=
github.com/client9/misspell v0.3.4 h1:ta993UF76GwbvJcIo3Y68y/M3WxlpEHPWIGDkJYwzJI=
github.com/google/go-cmp v0.5.8 h1:e6P7q2lk1O+qJJb4BtCQXlK8vWEO8V1ZeuEdJNOqZyg=
github.com/tjgurwara99/mixtape v0.0.4 h1:ryD5pDn063SHBi/d/nvJhehmgHLJZ5iN5vNehpCwecE=
github.com/tjgurwara99/mixtape v0.0.4/go.mod h1:rWb4gvSbZQMsyG+5bsnuffPckEk+PkRhkC/fXmwmYZY=
golang.org/x/exp v0.0.0-20220722155223-a9213eeb770e h1:+WEEuIdZHnUeJJmEUjyYC2gfUMj69yZXw17EnHg/otA=
golang.org/x/exp v0.0.0-20220722155223-a9213eeb770e/go.mod h1:Kr81I6Kryrl9sr8s2FK3vxD90NdsKWRuOIl2O4CvYbA=
golang.org/x/mod v0.7.0 h1:LapD9S96VoQRhi/GrNTqeBJFrUjs5UHCAtTlgwA5oZA=
golang.org/x/mod v0.7.0/go.mod h1:iBbtSCu2XBx23ZKBPSOrRkjjQPZFPuis4dIYUhu/chs=
golang.org/x/sync v0.1.0 h1:wsuoTGHzEhffawBOhz5CYhcrV4IdKZbEyZjBMuTp12o=
golang.org/x/sys v0.4.0 h1:Zr2JFtRQNX3BCZ8YtxRE9hNJYC8J6I1MVbMg6owUp18=
golang.org/x/sys v0.4.0/go.mod h1:oPkhp1MJrh7nUepCBck5+mAzfO9JrbApNNgaTdGDITg=
golang.org/x/tools v0.5.1-0.20230117180257-8aba49bb5ea2 h1:v0FhRDmSCNH/0EurAT6T8KRY4aNuUhz6/WwBMxG+gvQ=
golang.org/x/tools v0.5.1-0.20230117180257-8aba49bb5ea2/go.mod h1:N+Kgy78s5I24c24dU8OfWNEotWjutIs8SnJvn5IDq+k=
golang.org/x/vuln v0.0.0-20230201222900-4c848edceff1 h1:HRexnHfiDA2hkPNMDgf3vxabRMeC+XeS8tCKP9olVbs=
golang.org/x/vuln v0.0.0-20230201222900-4c848edceff1/go.mod h1:cBP4HMKv0X+x96j8IJWCKk0eqpakBmmHjKGSSC0NaYE=
honnef.co/go/tools v0.2.2 h1:MNh1AVMyVX23VUHE2O27jm6lNj3vjO5DexS4A1xvnzk=
mvdan.cc/unparam v0.0.0-20211214103731-d0ef000c54e5 h1:Jh3LAeMt1eGpxomyu3jVkmVZWW2MxZ1qIIV2TZ/nRio=
